Microsoft Visual Studio Solution File, Format Version 12.00
# Visual Studio Version 17
VisualStudioVersion = 17.5.2.0
MinimumVisualStudioVersion = 10.0.40219.1
Project("{FAE04EC0-301F-11D3-BF4B-00C04F79EFBC}") = "UnisonRestAdapter", "UnisonRestAdapter\UnisonRestAdapter.csproj", "{A2DD2882-C579-7C97-56F1-F1C3CCBB5152}"
EndProject
Global
	GlobalSection(SolutionConfigurationPlatforms) = preSolution
		Debug|Any CPU = Debug|Any CPU
		Release|Any CPU = Release|Any CPU
	EndGlobalSection
	GlobalSection(ProjectConfigurationPlatforms) = postSolution
		{A2DD2882-C579-7C97-56F1-F1C3CCBB5152}.Debug|Any CPU.ActiveCfg = Debug|Any CPU
		{A2DD2882-C579-7C97-56F1-F1C3CCBB5152}.Debug|Any CPU.Build.0 = Debug|Any CPU
		{A2DD2882-C579-7C97-56F1-F1C3CCBB5152}.Release|Any CPU.ActiveCfg = Release|Any CPU
		{A2DD2882-C579-7C97-56F1-F1C3CCBB5152}.Release|Any CPU.Build.0 = Release|Any CPU
	EndGlobalSection
	GlobalSection(SolutionProperties) = preSolution
		HideSolutionNode = FALSE
	EndGlobalSection
	GlobalSection(ExtensibilityGlobals) = postSolution
		SolutionGuid = {FF008648-A4E2-4226-9A1A-04C03327210F}
	EndGlobalSection
EndGlobal
